// !$*UTF8*$!
{
	archiveVersion = 1;
	classes = {
	};
	objectVersion = 50;
	objects = {

/* Begin PBXBuildFile section */
		2B81ADC325D8D6140024A174 /* FructusApp.swift in Sources */ = {isa = PBXBuildFile; fileRef = 2B81ADC225D8D6140024A174 /* FructusApp.swift */; };
		2B81ADC525D8D6140024A174 /* FruitsListView.swift in Sources */ = {isa = PBXBuildFile; fileRef = 2B81ADC425D8D6140024A174 /* FruitsListView.swift */; };
		2B81ADC725D8D6150024A174 /* Assets.xcassets in Resources */ = {isa = PBXBuildFile; fileRef = 2B81ADC625D8D6150024A174 /* Assets.xcassets */; };
		2B81ADCA25D8D6150024A174 /* Preview Assets.xcassets in Resources */ = {isa = PBXBuildFile; fileRef = 2B81ADC925D8D6150024A174 /* Preview Assets.xcassets */; };
		2BE35E9025D8E81100AF45F6 /* FruitCardView.swift in Sources */ = {isa = PBXBuildFile; fileRef = 2BE35E8F25D8E81100AF45F6 /* FruitCardView.swift */; };
		2BE35E9325D8F91A00AF45F6 /* StartButtonView.swift in Sources */ = {isa = PBXBuildFile; fileRef = 2BE35E9225D8F91A00AF45F6 /* StartButtonView.swift */; };
		2BE35E9625D8FC6200AF45F6 /* OnboardingView.swift in Sources */ = {isa = PBXBuildFile; fileRef = 2BE35E9525D8FC6200AF45F6 /* OnboardingView.swift */; };
		2BE35E9A25D979CC00AF45F6 /* FruitsModel.swift in Sources */ = {isa = PBXBuildFile; fileRef = 2BE35E9925D979CC00AF45F6 /* FruitsModel.swift */; };
		2BE35E9E25D97ABC00AF45F6 /* FruitData.swift in Sources */ = {isa = PBXBuildFile; fileRef = 2BE35E9D25D97ABC00AF45F6 /* FruitData.swift */; };
		2BE35EA125D981D100AF45F6 /* FruitRowView.swift in Sources */ = {isa = PBXBuildFile; fileRef = 2BE35EA025D981D100AF45F6 /* FruitRowView.swift */; };
		2BE35EA525D9855600AF45F6 /* FruitDetailView.swift in Sources */ = {isa = PBXBuildFile; fileRef = 2BE35EA425D9855600AF45F6 /* FruitDetailView.swift */; };
		2BE35EA825D9A06F00AF45F6 /* FruitHeaderView.swift in Sources */ = {isa = PBXBuildFile; fileRef = 2BE35EA725D9A06F00AF45F6 /* FruitHeaderView.swift */; };
		2BE35EAB25D9D26100AF45F6 /* SourceLinkView.swift in Sources */ = {isa = PBXBuildFile; fileRef = 2BE35EAA25D9D26100AF45F6 /* SourceLinkView.swift */; };
		2BE35EAE25D9D47E00AF45F6 /* FruitNutrientsView.swift in Sources */ = {isa = PBXBuildFile; fileRef = 2BE35EAD25D9D47E00AF45F6 /* FruitNutrientsView.swift */; };
		2BE35EB125DA384800AF45F6 /* SettingsView.swift in Sources */ = {isa = PBXBuildFile; fileRef = 2BE35EB025DA384800AF45F6 /* SettingsView.swift */; };
		2BE35EB425DB876F00AF45F6 /* SettingsLabelView.swift in Sources */ = {isa = PBXBuildFile; fileRef = 2BE35EB325DB876F00AF45F6 /* SettingsLabelView.swift */; };
		2BE35EB725DC3C8300AF45F6 /* SettingsRowView.swift in Sources */ = {isa = PBXBuildFile; fileRef = 2BE35EB625DC3C8300AF45F6 /* SettingsRowView.swift */; };
/* End PBXBuildFile section */

/* Begin PBXFileReference section */
		2B81ADBF25D8D6140024A174 /* Fructus.app */ = {isa = PBXFileReference; explicitFileType = wrapper.application; includeInIndex = 0; path = Fructus.app; sourceTree = BUILT_PRODUCTS_DIR; };
		2B81ADC225D8D6140024A174 /* FructusApp.swift */ = {isa = PBXFileReference; lastKnownFileType = sourcecode.swift; path = FructusApp.swift; sourceTree = "<group>"; };
		2B81ADC425D8D6140024A174 /* FruitsListView.swift */ = {isa = PBXFileReference; lastKnownFileType = sourcecode.swift; path = FruitsListView.swift; sourceTree = "<group>"; };
		2B81ADC625D8D6150024A174 /* Assets.xcassets */ = {isa = PBXFileReference; lastKnownFileType = folder.assetcatalog; path = Assets.xcassets; sourceTree = "<group>"; };
		2B81ADC925D8D6150024A174 /* Preview Assets.xcassets */ = {isa = PBXFileReference; lastKnownFileType = folder.assetcatalog; path = "Preview Assets.xcassets"; sourceTree = "<group>"; };
		2B81ADCB25D8D6150024A174 /* Info.plist */ = {isa = PBXFileReference; lastKnownFileType = text.plist.xml; path = Info.plist; sourceTree = "<group>"; };
		2BE35E8F25D8E81100AF45F6 /* FruitCardView.swift */ = {isa = PBXFileReference; lastKnownFileType = sourcecode.swift; path = FruitCardView.swift; sourceTree = "<group>"; };
		2BE35E9225D8F91A00AF45F6 /* StartButtonView.swift */ = {isa = PBXFileReference; lastKnownFileType = sourcecode.swift; path = StartButtonView.swift; sourceTree = "<group>"; };
		2BE35E9525D8FC6200AF45F6 /* OnboardingView.swift */ = {isa = PBXFileReference; lastKnownFileType = sourcecode.swift; path = OnboardingView.swift; sourceTree = "<group>"; };
		2BE35E9925D979CC00AF45F6 /* FruitsModel.swift */ = {isa = PBXFileReference; lastKnownFileType = sourcecode.swift; path = FruitsModel.swift; sourceTree = "<group>"; };
		2BE35E9D25D97ABC00AF45F6 /* FruitData.swift */ = {isa = PBXFileReference; lastKnownFileType = sourcecode.swift; path = FruitData.swift; sourceTree = "<group>"; };
		2BE35EA025D981D100AF45F6 /* FruitRowView.swift */ = {isa = PBXFileReference; lastKnownFileType = sourcecode.swift; path = FruitRowView.swift; sourceTree = "<group>"; };
		2BE35EA425D9855600AF45F6 /* FruitDetailView.swift */ = {isa = PBXFileReference; lastKnownFileType = sourcecode.swift; path = FruitDetailView.swift; sourceTree = "<group>"; };
		2BE35EA725D9A06F00AF45F6 /* FruitHeaderView.swift */ = {isa = PBXFileReference; lastKnownFileType = sourcecode.swift; path = FruitHeaderView.swift; sourceTree = "<group>"; };
		2BE35EAA25D9D26100AF45F6 /* SourceLinkView.swift */ = {isa = PBXFileReference; lastKnownFileType = sourcecode.swift; path = SourceLinkView.swift; sourceTree = "<group>"; };
		2BE35EAD25D9D47E00AF45F6 /* FruitNutrientsView.swift */ = {isa = PBXFileReference; lastKnownFileType = sourcecode.swift; path = FruitNutrientsView.swift; sourceTree = "<group>"; };
		2BE35EB025DA384800AF45F6 /* SettingsView.swift */ = {isa = PBXFileReference; lastKnownFileType = sourcecode.swift; path = SettingsView.swift; sourceTree = "<group>"; };
		2BE35EB325DB876F00AF45F6 /* SettingsLabelView.swift */ = {isa = PBXFileReference; lastKnownFileType = sourcecode.swift; path = SettingsLabelView.swift; sourceTree = "<group>"; };
		2BE35EB625DC3C8300AF45F6 /* SettingsRowView.swift */ = {isa = PBXFileReference; lastKnownFileType = sourcecode.swift; path = SettingsRowView.swift; sourceTree = "<group>"; };
/* End PBXFileReference section */

/* Begin PBXFrameworksBuildPhase section */
		2B81ADBC25D8D6140024A174 /* Frameworks */ = {
			isa = PBXFrameworksBuildPhase;
			buildActionMask = 2147483647;
			files = (
			);
			runOnlyForDeploymentPostprocessing = 0;
		};
/* End PBXFrameworksBuildPhase section */

/* Begin PBXGroup section */
		2B81ADB625D8D6140024A174 = {
			isa = PBXGroup;
			children = (
				2B81ADC125D8D6140024A174 /* Fructus */,
				2B81ADC025D8D6140024A174 /* Products */,
			);
			sourceTree = "<group>";
		};
		2B81ADC025D8D6140024A174 /* Products */ = {
			isa = PBXGroup;
			children = (
				2B81ADBF25D8D6140024A174 /* Fructus.app */,
			);
			name = Products;
			sourceTree = "<group>";
		};
		2B81ADC125D8D6140024A174 /* Fructus */ = {
			isa = PBXGroup;
			children = (
				2BE35E9C25D97AA700AF45F6 /* Data */,
				2BE35E9825D979BC00AF45F6 /* Model */,
				2BE35E8E25D8E7BC00AF45F6 /* View */,
				2BE35E8C25D8E74300AF45F6 /* App */,
				2B81ADC625D8D6150024A174 /* Assets.xcassets */,
				2B81ADCB25D8D6150024A174 /* Info.plist */,
				2B81ADC825D8D6150024A174 /* Preview Content */,
			);
			path = Fructus;
			sourceTree = "<group>";
		};
		2B81ADC825D8D6150024A174 /* Preview Content */ = {
			isa = PBXGroup;
			children = (
				2B81ADC925D8D6150024A174 /* Preview Assets.xcassets */,
			);
			path = "Preview Content";
			sourceTree = "<group>";
		};
		2BE35E8C25D8E74300AF45F6 /* App */ = {
			isa = PBXGroup;
			children = (
				2B81ADC225D8D6140024A174 /* FructusApp.swift */,
				2B81ADC425D8D6140024A174 /* FruitsListView.swift */,
				2BE35E9525D8FC6200AF45F6 /* OnboardingView.swift */,
				2BE35EA425D9855600AF45F6 /* FruitDetailView.swift */,
				2BE35EB025DA384800AF45F6 /* SettingsView.swift */,
			);
			path = App;
			sourceTree = "<group>";
		};
		2BE35E8E25D8E7BC00AF45F6 /* View */ = {
			isa = PBXGroup;
			children = (
				2BE35E8F25D8E81100AF45F6 /* FruitCardView.swift */,
				2BE35E9225D8F91A00AF45F6 /* StartButtonView.swift */,
				2BE35EA025D981D100AF45F6 /* FruitRowView.swift */,
				2BE35EA725D9A06F00AF45F6 /* FruitHeaderView.swift */,
				2BE35EAA25D9D26100AF45F6 /* SourceLinkView.swift */,
				2BE35EAD25D9D47E00AF45F6 /* FruitNutrientsView.swift */,
				2BE35EB325DB876F00AF45F6 /* SettingsLabelView.swift */,
				2BE35EB625DC3C8300AF45F6 /* SettingsRowView.swift */,
			);
			path = View;
			sourceTree = "<group>";
		};
		2BE35E9825D979BC00AF45F6 /* Model */ = {
			isa = PBXGroup;
			children = (
				2BE35E9925D979CC00AF45F6 /* FruitsModel.swift */,
			);
			path = Model;
			sourceTree = "<group>";
		};
		2BE35E9C25D97AA700AF45F6 /* Data */ = {
			isa = PBXGroup;
			children = (
				2BE35E9D25D97ABC00AF45F6 /* FruitData.swift */,
			);
			path = Data;
			sourceTree = "<group>";
		};
/* End PBXGroup section */

/* Begin PBXNativeTarget section */
		2B81ADBE25D8D6140024A174 /* Fructus */ = {
			isa = PBXNativeTarget;
			buildConfigurationList = 2B81ADCE25D8D6150024A174 /* Build configuration list for PBXNativeTarget "Fructus" */;
			buildPhases = (
				2B81ADBB25D8D6140024A174 /* Sources */,
				2B81ADBC25D8D6140024A174 /* Frameworks */,
				2B81ADBD25D8D6140024A174 /* Resources */,
			);
			buildRules = (
			);
			dependencies = (
			);
			name = Fructus;
			productName = Fructus;
			productReference = 2B81ADBF25D8D6140024A174 /* Fructus.app */;
			productType = "com.apple.product-type.application";
		};
/* End PBXNativeTarget section */

/* Begin PBXProject section */
		2B81ADB725D8D6140024A174 /* Project object */ = {
			isa = PBXProject;
			attributes = {
				LastSwiftUpdateCheck = 1240;
				LastUpgradeCheck = 1240;
				TargetAttributes = {
					2B81ADBE25D8D6140024A174 = {
						CreatedOnToolsVersion = 12.4;
					};
				};
			};
			buildConfigurationList = 2B81ADBA25D8D6140024A174 /* Build configuration list for PBXProject "Fructus" */;
			compatibilityVersion = "Xcode 9.3";
			developmentRegion = en;
			hasScannedForEncodings = 0;
			knownRegions = (
				en,
				Base,
			);
			mainGroup = 2B81ADB625D8D6140024A174;
			productRefGroup = 2B81ADC025D8D6140024A174 /* Products */;
			projectDirPath = "";
			projectRoot = "";
			targets = (
				2B81ADBE25D8D6140024A174 /* Fructus */,
			);
		};
/* End PBXProject section */

/* Begin PBXResourcesBuildPhase section */
		2B81ADBD25D8D6140024A174 /* Resources */ = {
			isa = PBXResourcesBuildPhase;
			buildActionMask = 2147483647;
			files = (
				2B81ADCA25D8D6150024A174 /* Preview Assets.xcassets in Resources */,
				2B81ADC725D8D6150024A174 /* Assets.xcassets in Resources */,
			);
			runOnlyForDeploymentPostprocessing = 0;
		};
/* End PBXResourcesBuildPhase section */

/* Begin PBXSourcesBuildPhase section */
		2B81ADBB25D8D6140024A174 /* Sources */ = {
			isa = PBXSourcesBuildPhase;
			buildActionMask = 2147483647;
			files = (
				2BE35E9E25D97ABC00AF45F6 /* FruitData.swift in Sources */,
				2BE35EAB25D9D26100AF45F6 /* SourceLinkView.swift in Sources */,
				2BE35EB725DC3C8300AF45F6 /* SettingsRowView.swift in Sources */,
				2BE35E9025D8E81100AF45F6 /* FruitCardView.swift in Sources */,
				2BE35EA125D981D100AF45F6 /* FruitRowView.swift in Sources */,
				2BE35EAE25D9D47E00AF45F6 /* FruitNutrientsView.swift in Sources */,
				2BE35E9325D8F91A00AF45F6 /* StartButtonView.swift in Sources */,
				2BE35EA525D9855600AF45F6 /* FruitDetailView.swift in Sources */,
				2BE35E9A25D979CC00AF45F6 /* FruitsModel.swift in Sources */,
				2BE35EA825D9A06F00AF45F6 /* FruitHeaderView.swift in Sources */,
				2B81ADC525D8D6140024A174 /* FruitsListView.swift in Sources */,
				2BE35EB425DB876F00AF45F6 /* SettingsLabelView.swift in Sources */,
				2BE35E9625D8FC6200AF45F6 /* OnboardingView.swift in Sources */,
				2B81ADC325D8D6140024A174 /* FructusApp.swift in Sources */,
				2BE35EB125DA384800AF45F6 /* SettingsView.swift in Sources */,
			);
			runOnlyForDeploymentPostprocessing = 0;
		};
/* End PBXSourcesBuildPhase section */

/* Begin XCBuildConfiguration section */
		2B81ADCC25D8D6150024A174 /* Debug */ = {
			isa = XCBuildConfiguration;
			buildSettings = {
				ALWAYS_SEARCH_USER_PATHS = NO;
				CLANG_ANALYZER_NONNULL = YES;
				CLANG_ANALYZER_NUMBER_OBJECT_CONVERSION = YES_AGGRESSIVE;
				CLANG_CXX_LANGUAGE_STANDARD = "gnu++14";
				CLANG_CXX_LIBRARY = "libc++";
				CLANG_ENABLE_MODULES = YES;
				CLANG_ENABLE_OBJC_ARC = YES;
				CLANG_ENABLE_OBJC_WEAK = YES;
				CLANG_WARN_BLOCK_CAPTURE_AUTORELEASING = YES;
				CLANG_WARN_BOOL_CONVERSION = YES;
				CLANG_WARN_COMMA = YES;
				CLANG_WARN_CONSTANT_CONVERSION = YES;
				CLANG_WARN_DEPRECATED_OBJC_IMPLEMENTATIONS = YES;
				CLANG_WARN_DIRECT_OBJC_ISA_USAGE = YES_ERROR;
				CLANG_WARN_DOCUMENTATION_COMMENTS = YES;
				CLANG_WARN_EMPTY_BODY = YES;
				CLANG_WARN_ENUM_CONVERSION = YES;
				CLANG_WARN_INFINITE_RECURSION = YES;
				CLANG_WARN_INT_CONVERSION = YES;
				CLANG_WARN_NON_LITERAL_NULL_CONVERSION = YES;
				CLANG_WARN_OBJC_IMPLICIT_RETAIN_SELF = YES;
				CLANG_WARN_OBJC_LITERAL_CONVERSION = YES;
				CLANG_WARN_OBJC_ROOT_CLASS = YES_ERROR;
				CLANG_WARN_QUOTED_INCLUDE_IN_FRAMEWORK_HEADER = YES;
				CLANG_WARN_RANGE_LOOP_ANALYSIS = YES;
				CLANG_WARN_STRICT_PROTOTYPES = YES;
				CLANG_WARN_SUSPICIOUS_MOVE = YES;
				CLANG_WARN_UNGUARDED_AVAILABILITY = YES_AGGRESSIVE;
				CLANG_WARN_UNREACHABLE_CODE = YES;
				CLANG_WARN__DUPLICATE_METHOD_MATCH = YES;
				COPY_PHASE_STRIP = NO;
				DEBUG_INFORMATION_FORMAT = dwarf;
				ENABLE_STRICT_OBJC_MSGSEND = YES;
				ENABLE_TESTABILITY = YES;
				GCC_C_LANGUAGE_STANDARD = gnu11;
				GCC_DYNAMIC_NO_PIC = NO;
				GCC_NO_COMMON_BLOCKS = YES;
				GCC_OPTIMIZATION_LEVEL = 0;
				GCC_PREPROCESSOR_DEFINITIONS = (
					"DEBUG=1",
					"$(inherited)",
				);
				GCC_WARN_64_TO_32_BIT_CONVERSION = YES;
				GCC_WARN_ABOUT_RETURN_TYPE = YES_ERROR;
				GCC_WARN_UNDECLARED_SELECTOR = YES;
				GCC_WARN_UNINITIALIZED_AUTOS = YES_AGGRESSIVE;
				GCC_WARN_UNUSED_FUNCTION = YES;
				GCC_WARN_UNUSED_VARIABLE = YES;
				IPHONEOS_DEPLOYMENT_TARGET = 14.4;
				MTL_ENABLE_DEBUG_INFO = INCLUDE_SOURCE;
				MTL_FAST_MATH = YES;
				ONLY_ACTIVE_ARCH = YES;
				SDKROOT = iphoneos;
				SWIFT_ACTIVE_COMPILATION_CONDITIONS = DEBUG;
				SWIFT_OPTIMIZATION_LEVEL = "-Onone";
			};
			name = Debug;
		};
		2B81ADCD25D8D6150024A174 /* Release */ = {
			isa = XCBuildConfiguration;
			buildSettings = {
				ALWAYS_SEARCH_USER_PATHS = NO;
				CLANG_ANALYZER_NONNULL = YES;
				CLANG_ANALYZER_NUMBER_OBJECT_CONVERSION = YES_AGGRESSIVE;
				CLANG_CXX_LANGUAGE_STANDARD = "gnu++14";
				CLANG_CXX_LIBRARY = "libc++";
				CLANG_ENABLE_MODULES = YES;
				CLANG_ENABLE_OBJC_ARC = YES;
				CLANG_ENABLE_OBJC_WEAK = YES;
				CLANG_WARN_BLOCK_CAPTURE_AUTORELEASING = YES;
				CLANG_WARN_BOOL_CONVERSION = YES;
				CLANG_WARN_COMMA = YES;
				CLANG_WARN_CONSTANT_CONVERSION = YES;
				CLANG_WARN_DEPRECATED_OBJC_IMPLEMENTATIONS = YES;
				CLANG_WARN_DIRECT_OBJC_ISA_USAGE = YES_ERROR;
				CLANG_WARN_DOCUMENTATION_COMMENTS = YES;
				CLANG_WARN_EMPTY_BODY = YES;
				CLANG_WARN_ENUM_CONVERSION = YES;
				CLANG_WARN_INFINITE_RECURSION = YES;
				CLANG_WARN_INT_CONVERSION = YES;
				CLANG_WARN_NON_LITERAL_NULL_CONVERSION = YES;
				CLANG_WARN_OBJC_IMPLICIT_RETAIN_SELF = YES;
				CLANG_WARN_OBJC_LITERAL_CONVERSION = YES;
				CLANG_WARN_OBJC_ROOT_CLASS = YES_ERROR;
				CLANG_WARN_QUOTED_INCLUDE_IN_FRAMEWORK_HEADER = YES;
				CLANG_WARN_RANGE_LOOP_ANALYSIS = YES;
				CLANG_WARN_STRICT_PROTOTYPES = YES;
				CLANG_WARN_SUSPICIOUS_MOVE = YES;
				CLANG_WARN_UNGUARDED_AVAILABILITY = YES_AGGRESSIVE;
				CLANG_WARN_UNREACHABLE_CODE = YES;
				CLANG_WARN__DUPLICATE_METHOD_MATCH = YES;
				COPY_PHASE_STRIP = NO;
				DEBUG_INFORMATION_FORMAT = "dwarf-with-dsym";
				ENABLE_NS_ASSERTIONS = NO;
				ENABLE_STRICT_OBJC_MSGSEND = YES;
				GCC_C_LANGUAGE_STANDARD = gnu11;
				GCC_NO_COMMON_BLOCKS = YES;
				GCC_WARN_64_TO_32_BIT_CONVERSION = YES;
				GCC_WARN_ABOUT_RETURN_TYPE = YES_ERROR;
				GCC_WARN_UNDECLARED_SELECTOR = YES;
				GCC_WARN_UNINITIALIZED_AUTOS = YES_AGGRESSIVE;
				GCC_WARN_UNUSED_FUNCTION = YES;
				GCC_WARN_UNUSED_VARIABLE = YES;
				IPHONEOS_DEPLOYMENT_TARGET = 14.4;
				MTL_ENABLE_DEBUG_INFO = NO;
				MTL_FAST_MATH = YES;
				SDKROOT = iphoneos;
				SWIFT_COMPILATION_MODE = wholemodule;
				SWIFT_OPTIMIZATION_LEVEL = "-O";
				VALIDATE_PRODUCT = YES;
			};
			name = Release;
		};
		2B81ADCF25D8D6150024A174 /* Debug */ = {
			isa = XCBuildConfiguration;
			buildSettings = {
				ASSETCATALOG_COMPILER_APPICON_NAME = AppIcon;
				ASSETCATALOG_COMPILER_GLOBAL_ACCENT_COLOR_NAME = AccentColor;
				CODE_SIGN_STYLE = Automatic;
				DEVELOPMENT_ASSET_PATHS = "\"Fructus/Preview Content\"";
				DEVELOPMENT_TEAM = EHKQGN5358;
				ENABLE_PREVIEWS = YES;
				INFOPLIST_FILE = Fructus/Info.plist;
				IPHONEOS_DEPLOYMENT_TARGET = 14.0;
				LD_RUNPATH_SEARCH_PATHS = (
					"$(inherited)",
					"@executable_path/Frameworks",
				);
				PRODUCT_BUNDLE_IDENTIFIER = com.vandanpatel.Fructus;
				PRODUCT_NAME = "$(TARGET_NAME)";
				SWIFT_VERSION = 5.0;
				TARGETED_DEVICE_FAMILY = "1,2";
			};
			name = Debug;
		};
		2B81ADD025D8D6150024A174 /* Release */ = {
			isa = XCBuildConfiguration;
			buildSettings = {
				ASSETCATALOG_COMPILER_APPICON_NAME = AppIcon;
				ASSETCATALOG_COMPILER_GLOBAL_ACCENT_COLOR_NAME = AccentColor;
				CODE_SIGN_STYLE = Automatic;
				DEVELOPMENT_ASSET_PATHS = "\"Fructus/Preview Content\"";
				DEVELOPMENT_TEAM = EHKQGN5358;
				ENABLE_PREVIEWS = YES;
				INFOPLIST_FILE = Fructus/Info.plist;
				IPHONEOS_DEPLOYMENT_TARGET = 14.0;
				LD_RUNPATH_SEARCH_PATHS = (
					"$(inherited)",
					"@executable_path/Frameworks",
				);
				PRODUCT_BUNDLE_IDENTIFIER = com.vandanpatel.Fructus;
				PRODUCT_NAME = "$(TARGET_NAME)";
				SWIFT_VERSION = 5.0;
				TARGETED_DEVICE_FAMILY = "1,2";
			};
			name = Release;
		};
/* End XCBuildConfiguration section */

/* Begin XCConfigurationList section */
		2B81ADBA25D8D6140024A174 /* Build configuration list for PBXProject "Fructus" */ = {
			isa = XCConfigurationList;
			buildConfigurations = (
				2B81ADCC25D8D6150024A174 /* Debug */,
				2B81ADCD25D8D6150024A174 /* Release */,
			);
			defaultConfigurationIsVisible = 0;
			defaultConfigurationName = Release;
		};
		2B81ADCE25D8D6150024A174 /* Build configuration list for PBXNativeTarget "Fructus" */ = {
			isa = XCConfigurationList;
			buildConfigurations = (
				2B81ADCF25D8D6150024A174 /* Debug */,
				2B81ADD025D8D6150024A174 /* Release */,
			);
			defaultConfigurationIsVisible = 0;
			defaultConfigurationName = Release;
		};
/* End XCConfigurationList section */
	};
	rootObject = 2B81ADB725D8D6140024A174 /* Project object */;
}
